
Microsoft Visual Studio Solution File, Format Version 12.00
# Visual Studio Version 17
VisualStudioVersion = 17.11.35327.3
MinimumVisualStudioVersion = 10.0.40219.1
Project("{FAE04EC0-301F-11D3-BF4B-00C04F79EFBC}") = "CSharp12.AttributesAndMetadata", "CSharp12.AttributesAndMetadata.csproj", "{BF129C83-1BB4-4C68-A866-BFD354D6C6FC}"
EndProject
Global
	GlobalSection(SolutionConfigurationPlatforms) = preSolution
		Debug|Any CPU = Debug|Any CPU
		Release|Any CPU = Release|Any CPU
	EndGlobalSection
	GlobalSection(ProjectConfigurationPlatforms) = postSolution
		{BF129C83-1BB4-4C68-A866-BFD354D6C6FC}.Debug|Any CPU.ActiveCfg = Debug|Any CPU
		{BF129C83-1BB4-4C68-A866-BFD354D6C6FC}.Debug|Any CPU.Build.0 = Debug|Any CPU
		{BF129C83-1BB4-4C68-A866-BFD354D6C6FC}.Release|Any CPU.ActiveCfg = Release|Any CPU
		{BF129C83-1BB4-4C68-A866-BFD354D6C6FC}.Release|Any CPU.Build.0 = Release|Any CPU
	EndGlobalSection
	GlobalSection(SolutionProperties) = preSolution
		HideSolutionNode = FALSE
	EndGlobalSection
	GlobalSection(ExtensibilityGlobals) = postSolution
		SolutionGuid = {69A589C1-9457-4192-B933-5952D39EF58F}
	EndGlobalSection
EndGlobal
